// !$*UTF8*$!
{
	archiveVersion = 1;
	classes = {
	};
	objectVersion = 56;
	objects = {

/* Begin PBXBuildFile section */
		A728A451296EE14C00F08CB2 /* NewYork.ttf in Resources */ = {isa = PBXBuildFile; fileRef = A728A44F296EE14C00F08CB2 /* NewYork.ttf */; };
		A728A452296EE14C00F08CB2 /* NewYorkItalic.ttf in Resources */ = {isa = PBXBuildFile; fileRef = A728A450296EE14C00F08CB2 /* NewYorkItalic.ttf */; };
		A728A4762976583800F08CB2 /* SF-Pro-Display-Heavy.otf in Resources */ = {isa = PBXBuildFile; fileRef = A728A4642976583600F08CB2 /* SF-Pro-Display-Heavy.otf */; };
		A728A4772976583800F08CB2 /* SF-Pro-Display-BlackItalic.otf in Resources */ = {isa = PBXBuildFile; fileRef = A728A4652976583600F08CB2 /* SF-Pro-Display-BlackItalic.otf */; };
		A728A4782976583800F08CB2 /* SF-Pro-Display-Black.otf in Resources */ = {isa = PBXBuildFile; fileRef = A728A4662976583600F08CB2 /* SF-Pro-Display-Black.otf */; };
		A728A4792976583800F08CB2 /* SF-Pro-Display-Ultralight.otf in Resources */ = {isa = PBXBuildFile; fileRef = A728A4672976583600F08CB2 /* SF-Pro-Display-Ultralight.otf */; };
		A728A47A2976583800F08CB2 /* SF-Pro-Display-ThinItalic.otf in Resources */ = {isa = PBXBuildFile; fileRef = A728A4682976583600F08CB2 /* SF-Pro-Display-ThinItalic.otf */; };
		A728A47B2976583800F08CB2 /* SF-Pro-Display-UltralightItalic.otf in Resources */ = {isa = PBXBuildFile; fileRef = A728A4692976583700F08CB2 /* SF-Pro-Display-UltralightItalic.otf */; };
		A728A47C2976583800F08CB2 /* SF-Pro-Display-BoldItalic.otf in Resources */ = {isa = PBXBuildFile; fileRef = A728A46A2976583700F08CB2 /* SF-Pro-Display-BoldItalic.otf */; };
		A728A47D2976583800F08CB2 /* SF-Pro-Display-Thin.otf in Resources */ = {isa = PBXBuildFile; fileRef = A728A46B2976583700F08CB2 /* SF-Pro-Display-Thin.otf */; };
		A728A47E2976583800F08CB2 /* SF-Pro-Display-Light.otf in Resources */ = {isa = PBXBuildFile; fileRef = A728A46C2976583700F08CB2 /* SF-Pro-Display-Light.otf */; };
		A728A47F2976583800F08CB2 /* SF-Pro-Display-RegularItalic.otf in Resources */ = {isa = PBXBuildFile; fileRef = A728A46D2976583700F08CB2 /* SF-Pro-Display-RegularItalic.otf */; };
		A728A4802976583800F08CB2 /* SF-Pro-Display-Bold.otf in Resources */ = {isa = PBXBuildFile; fileRef = A728A46E2976583700F08CB2 /* SF-Pro-Display-Bold.otf */; };
		A728A4812976583800F08CB2 /* SF-Pro-Display-LightItalic.otf in Resources */ = {isa = PBXBuildFile; fileRef = A728A46F2976583800F08CB2 /* SF-Pro-Display-LightItalic.otf */; };
		A728A4822976583800F08CB2 /* SF-Pro-Display-SemiboldItalic.otf in Resources */ = {isa = PBXBuildFile; fileRef = A728A4702976583800F08CB2 /* SF-Pro-Display-SemiboldItalic.otf */; };
		A728A4832976583800F08CB2 /* SF-Pro-Display-HeavyItalic.otf in Resources */ = {isa = PBXBuildFile; fileRef = A728A4712976583800F08CB2 /* SF-Pro-Display-HeavyItalic.otf */; };
		A728A4842976583800F08CB2 /* SF-Pro-Display-MediumItalic.otf in Resources */ = {isa = PBXBuildFile; fileRef = A728A4722976583800F08CB2 /* SF-Pro-Display-MediumItalic.otf */; };
		A728A4852976583800F08CB2 /* SF-Pro-Display-Semibold.otf in Resources */ = {isa = PBXBuildFile; fileRef = A728A4732976583800F08CB2 /* SF-Pro-Display-Semibold.otf */; };
		A728A4862976583800F08CB2 /* SF-Pro-Display-Medium.otf in Resources */ = {isa = PBXBuildFile; fileRef = A728A4742976583800F08CB2 /* SF-Pro-Display-Medium.otf */; };
		A728A4872976583800F08CB2 /* SF-Pro-Display-Regular.otf in Resources */ = {isa = PBXBuildFile; fileRef = A728A4752976583800F08CB2 /* SF-Pro-Display-Regular.otf */; };
		A733E998296862D100FD9236 /* AppDelegate.swift in Sources */ = {isa = PBXBuildFile; fileRef = A733E997296862D100FD9236 /* AppDelegate.swift */; };
		A733E99A296862D100FD9236 /* SceneDelegate.swift in Sources */ = {isa = PBXBuildFile; fileRef = A733E999296862D100FD9236 /* SceneDelegate.swift */; };
		A733E99C296862D100FD9236 /* ViewController.swift in Sources */ = {isa = PBXBuildFile; fileRef = A733E99B296862D100FD9236 /* ViewController.swift */; };
		A733E99F296862D100FD9236 /* Main.storyboard in Resources */ = {isa = PBXBuildFile; fileRef = A733E99D296862D100FD9236 /* Main.storyboard */; };
		A733E9A1296862D500FD9236 /* Assets.xcassets in Resources */ = {isa = PBXBuildFile; fileRef = A733E9A0296862D500FD9236 /* Assets.xcassets */; };
		A733E9A4296862D500FD9236 /* LaunchScreen.storyboard in Resources */ = {isa = PBXBuildFile; fileRef = A733E9A2296862D500FD9236 /* LaunchScreen.storyboard */; };
		A733E9AF296862D500FD9236 /* Test111Tests.swift in Sources */ = {isa = PBXBuildFile; fileRef = A733E9AE296862D500FD9236 /* Test111Tests.swift */; };
		A733E9B9296862D500FD9236 /* Test111UITests.swift in Sources */ = {isa = PBXBuildFile; fileRef = A733E9B8296862D500FD9236 /* Test111UITests.swift */; };
		A733E9BB296862D500FD9236 /* Test111UITestsLaunchTests.swift in Sources */ = {isa = PBXBuildFile; fileRef = A733E9BA296862D500FD9236 /* Test111UITestsLaunchTests.swift */; };
/* End PBXBuildFile section */

/* Begin PBXContainerItemProxy section */
		A733E9AB296862D500FD9236 /* PBXContainerItemProxy */ = {
			isa = PBXContainerItemProxy;
			containerPortal = A733E98C296862D100FD9236 /* Project object */;
			proxyType = 1;
			remoteGlobalIDString = A733E993296862D100FD9236;
			remoteInfo = Test111;
		};
		A733E9B5296862D500FD9236 /* PBXContainerItemProxy */ = {
			isa = PBXContainerItemProxy;
			containerPortal = A733E98C296862D100FD9236 /* Project object */;
			proxyType = 1;
			remoteGlobalIDString = A733E993296862D100FD9236;
			remoteInfo = Test111;
		};
/* End PBXContainerItemProxy section */

/* Begin PBXFileReference section */
		A728A44F296EE14C00F08CB2 /* NewYork.ttf */ = {isa = PBXFileReference; lastKnownFileType = file; path = NewYork.ttf; sourceTree = "<group>"; };
		A728A450296EE14C00F08CB2 /* NewYorkItalic.ttf */ = {isa = PBXFileReference; lastKnownFileType = file; path = NewYorkItalic.ttf; sourceTree = "<group>"; };
		A728A4642976583600F08CB2 /* SF-Pro-Display-Heavy.otf */ = {isa = PBXFileReference; lastKnownFileType = file; path = "SF-Pro-Display-Heavy.otf"; sourceTree = "<group>"; };
		A728A4652976583600F08CB2 /* SF-Pro-Display-BlackItalic.otf */ = {isa = PBXFileReference; lastKnownFileType = file; path = "SF-Pro-Display-BlackItalic.otf"; sourceTree = "<group>"; };
		A728A4662976583600F08CB2 /* SF-Pro-Display-Black.otf */ = {isa = PBXFileReference; lastKnownFileType = file; path = "SF-Pro-Display-Black.otf"; sourceTree = "<group>"; };
		A728A4672976583600F08CB2 /* SF-Pro-Display-Ultralight.otf */ = {isa = PBXFileReference; lastKnownFileType = file; path = "SF-Pro-Display-Ultralight.otf"; sourceTree = "<group>"; };
		A728A4682976583600F08CB2 /* SF-Pro-Display-ThinItalic.otf */ = {isa = PBXFileReference; lastKnownFileType = file; path = "SF-Pro-Display-ThinItalic.otf"; sourceTree = "<group>"; };
		A728A4692976583700F08CB2 /* SF-Pro-Display-UltralightItalic.otf */ = {isa = PBXFileReference; lastKnownFileType = file; path = "SF-Pro-Display-UltralightItalic.otf"; sourceTree = "<group>"; };
		A728A46A2976583700F08CB2 /* SF-Pro-Display-BoldItalic.otf */ = {isa = PBXFileReference; lastKnownFileType = file; path = "SF-Pro-Display-BoldItalic.otf"; sourceTree = "<group>"; };
		A728A46B2976583700F08CB2 /* SF-Pro-Display-Thin.otf */ = {isa = PBXFileReference; lastKnownFileType = file; path = "SF-Pro-Display-Thin.otf"; sourceTree = "<group>"; };
		A728A46C2976583700F08CB2 /* SF-Pro-Display-Light.otf */ = {isa = PBXFileReference; lastKnownFileType = file; path = "SF-Pro-Display-Light.otf"; sourceTree = "<group>"; };
		A728A46D2976583700F08CB2 /* SF-Pro-Display-RegularItalic.otf */ = {isa = PBXFileReference; lastKnownFileType = file; path = "SF-Pro-Display-RegularItalic.otf"; sourceTree = "<group>"; };
		A728A46E2976583700F08CB2 /* SF-Pro-Display-Bold.otf */ = {isa = PBXFileReference; lastKnownFileType = file; path = "SF-Pro-Display-Bold.otf"; sourceTree = "<group>"; };
		A728A46F2976583800F08CB2 /* SF-Pro-Display-LightItalic.otf */ = {isa = PBXFileReference; lastKnownFileType = file; path = "SF-Pro-Display-LightItalic.otf"; sourceTree = "<group>"; };
		A728A4702976583800F08CB2 /* SF-Pro-Display-SemiboldItalic.otf */ = {isa = PBXFileReference; lastKnownFileType = file; path = "SF-Pro-Display-SemiboldItalic.otf"; sourceTree = "<group>"; };
		A728A4712976583800F08CB2 /* SF-Pro-Display-HeavyItalic.otf */ = {isa = PBXFileReference; lastKnownFileType = file; path = "SF-Pro-Display-HeavyItalic.otf"; sourceTree = "<group>"; };
		A728A4722976583800F08CB2 /* SF-Pro-Display-MediumItalic.otf */ = {isa = PBXFileReference; lastKnownFileType = file; path = "SF-Pro-Display-MediumItalic.otf"; sourceTree = "<group>"; };
		A728A4732976583800F08CB2 /* SF-Pro-Display-Semibold.otf */ = {isa = PBXFileReference; lastKnownFileType = file; path = "SF-Pro-Display-Semibold.otf"; sourceTree = "<group>"; };
		A728A4742976583800F08CB2 /* SF-Pro-Display-Medium.otf */ = {isa = PBXFileReference; lastKnownFileType = file; path = "SF-Pro-Display-Medium.otf"; sourceTree = "<group>"; };
		A728A4752976583800F08CB2 /* SF-Pro-Display-Regular.otf */ = {isa = PBXFileReference; lastKnownFileType = file; path = "SF-Pro-Display-Regular.otf"; sourceTree = "<group>"; };
		A733E994296862D100FD9236 /* Test111.app */ = {isa = PBXFileReference; explicitFileType = wrapper.application; includeInIndex = 0; path = Test111.app; sourceTree = BUILT_PRODUCTS_DIR; };
		A733E997296862D100FD9236 /* AppDelegate.swift */ = {isa = PBXFileReference; lastKnownFileType = sourcecode.swift; path = AppDelegate.swift; sourceTree = "<group>"; };
		A733E999296862D100FD9236 /* SceneDelegate.swift */ = {isa = PBXFileReference; lastKnownFileType = sourcecode.swift; path = SceneDelegate.swift; sourceTree = "<group>"; };
		A733E99B296862D100FD9236 /* ViewController.swift */ = {isa = PBXFileReference; lastKnownFileType = sourcecode.swift; path = ViewController.swift; sourceTree = "<group>"; };
		A733E99E296862D100FD9236 /* Base */ = {isa = PBXFileReference; lastKnownFileType = file.storyboard; name = Base; path = Base.lproj/Main.storyboard; sourceTree = "<group>"; };
		A733E9A0296862D500FD9236 /* Assets.xcassets */ = {isa = PBXFileReference; lastKnownFileType = folder.assetcatalog; path = Assets.xcassets; sourceTree = "<group>"; };
		A733E9A3296862D500FD9236 /* Base */ = {isa = PBXFileReference; lastKnownFileType = file.storyboard; name = Base; path = Base.lproj/LaunchScreen.storyboard; sourceTree = "<group>"; };
		A733E9A5296862D500FD9236 /* Info.plist */ = {isa = PBXFileReference; lastKnownFileType = text.plist.xml; path = Info.plist; sourceTree = "<group>"; };
		A733E9AA296862D500FD9236 /* Test111Tests.xctest */ = {isa = PBXFileReference; explicitFileType = wrapper.cfbundle; includeInIndex = 0; path = Test111Tests.xctest; sourceTree = BUILT_PRODUCTS_DIR; };
		A733E9AE296862D500FD9236 /* Test111Tests.swift */ = {isa = PBXFileReference; lastKnownFileType = sourcecode.swift; path = Test111Tests.swift; sourceTree = "<group>"; };
		A733E9B4296862D500FD9236 /* Test111UITests.xctest */ = {isa = PBXFileReference; explicitFileType = wrapper.cfbundle; includeInIndex = 0; path = Test111UITests.xctest; sourceTree = BUILT_PRODUCTS_DIR; };
		A733E9B8296862D500FD9236 /* Test111UITests.swift */ = {isa = PBXFileReference; lastKnownFileType = sourcecode.swift; path = Test111UITests.swift; sourceTree = "<group>"; };
		A733E9BA296862D500FD9236 /* Test111UITestsLaunchTests.swift */ = {isa = PBXFileReference; lastKnownFileType = sourcecode.swift; path = Test111UITestsLaunchTests.swift; sourceTree = "<group>"; };
/* End PBXFileReference section */

/* Begin PBXFrameworksBuildPhase section */
		A733E991296862D100FD9236 /* Frameworks */ = {
			isa = PBXFrameworksBuildPhase;
			buildActionMask = 2147483647;
			files = (
			);
			runOnlyForDeploymentPostprocessing = 0;
		};
		A733E9A7296862D500FD9236 /* Frameworks */ = {
			isa = PBXFrameworksBuildPhase;
			buildActionMask = 2147483647;
			files = (
			);
			runOnlyForDeploymentPostprocessing = 0;
		};
		A733E9B1296862D500FD9236 /* Frameworks */ = {
			isa = PBXFrameworksBuildPhase;
			buildActionMask = 2147483647;
			files = (
			);
			runOnlyForDeploymentPostprocessing = 0;
		};
/* End PBXFrameworksBuildPhase section */

/* Begin PBXGroup section */
		A728A436296EDF3400F08CB2 /* Fontss */ = {
			isa = PBXGroup;
			children = (
				A728A44F296EE14C00F08CB2 /* NewYork.ttf */,
				A728A450296EE14C00F08CB2 /* NewYorkItalic.ttf */,
			);
			path = Fontss;
			sourceTree = "<group>";
		};
		A728A4632976582400F08CB2 /* Fonts2 */ = {
			isa = PBXGroup;
			children = (
				A728A4662976583600F08CB2 /* SF-Pro-Display-Black.otf */,
				A728A4652976583600F08CB2 /* SF-Pro-Display-BlackItalic.otf */,
				A728A46E2976583700F08CB2 /* SF-Pro-Display-Bold.otf */,
				A728A46A2976583700F08CB2 /* SF-Pro-Display-BoldItalic.otf */,
				A728A4642976583600F08CB2 /* SF-Pro-Display-Heavy.otf */,
				A728A4712976583800F08CB2 /* SF-Pro-Display-HeavyItalic.otf */,
				A728A46C2976583700F08CB2 /* SF-Pro-Display-Light.otf */,
				A728A46F2976583800F08CB2 /* SF-Pro-Display-LightItalic.otf */,
				A728A4742976583800F08CB2 /* SF-Pro-Display-Medium.otf */,
				A728A4722976583800F08CB2 /* SF-Pro-Display-MediumItalic.otf */,
				A728A4752976583800F08CB2 /* SF-Pro-Display-Regular.otf */,
				A728A46D2976583700F08CB2 /* SF-Pro-Display-RegularItalic.otf */,
				A728A4732976583800F08CB2 /* SF-Pro-Display-Semibold.otf */,
				A728A4702976583800F08CB2 /* SF-Pro-Display-SemiboldItalic.otf */,
				A728A46B2976583700F08CB2 /* SF-Pro-Display-Thin.otf */,
				A728A4682976583600F08CB2 /* SF-Pro-Display-ThinItalic.otf */,
				A728A4672976583600F08CB2 /* SF-Pro-Display-Ultralight.otf */,
				A728A4692976583700F08CB2 /* SF-Pro-Display-UltralightItalic.otf */,
			);
			path = Fonts2;
			sourceTree = "<group>";
		};
		A733E98B296862D100FD9236 = {
			isa = PBXGroup;
			children = (
				A733E996296862D100FD9236 /* Test111 */,
				A733E9AD296862D500FD9236 /* Test111Tests */,
				A733E9B7296862D500FD9236 /* Test111UITests */,
				A733E995296862D100FD9236 /* Products */,
			);
			sourceTree = "<group>";
		};
		A733E995296862D100FD9236 /* Products */ = {
			isa = PBXGroup;
			children = (
				A733E994296862D100FD9236 /* Test111.app */,
				A733E9AA296862D500FD9236 /* Test111Tests.xctest */,
				A733E9B4296862D500FD9236 /* Test111UITests.xctest */,
			);
			name = Products;
			sourceTree = "<group>";
		};
		A733E996296862D100FD9236 /* Test111 */ = {
			isa = PBXGroup;
			children = (
				A728A4632976582400F08CB2 /* Fonts2 */,
				A728A436296EDF3400F08CB2 /* Fontss */,
				A733E997296862D100FD9236 /* AppDelegate.swift */,
				A733E999296862D100FD9236 /* SceneDelegate.swift */,
				A733E99B296862D100FD9236 /* ViewController.swift */,
				A733E99D296862D100FD9236 /* Main.storyboard */,
				A733E9A0296862D500FD9236 /* Assets.xcassets */,
				A733E9A2296862D500FD9236 /* LaunchScreen.storyboard */,
				A733E9A5296862D500FD9236 /* Info.plist */,
			);
			path = Test111;
			sourceTree = "<group>";
		};
		A733E9AD296862D500FD9236 /* Test111Tests */ = {
			isa = PBXGroup;
			children = (
				A733E9AE296862D500FD9236 /* Test111Tests.swift */,
			);
			path = Test111Tests;
			sourceTree = "<group>";
		};
		A733E9B7296862D500FD9236 /* Test111UITests */ = {
			isa = PBXGroup;
			children = (
				A733E9B8296862D500FD9236 /* Test111UITests.swift */,
				A733E9BA296862D500FD9236 /* Test111UITestsLaunchTests.swift */,
			);
			path = Test111UITests;
			sourceTree = "<group>";
		};
/* End PBXGroup section */

/* Begin PBXNativeTarget section */
		A733E993296862D100FD9236 /* Test111 */ = {
			isa = PBXNativeTarget;
			buildConfigurationList = A733E9BE296862D500FD9236 /* Build configuration list for PBXNativeTarget "Test111" */;
			buildPhases = (
				A733E990296862D100FD9236 /* Sources */,
				A733E991296862D100FD9236 /* Frameworks */,
				A733E992296862D100FD9236 /* Resources */,
			);
			buildRules = (
			);
			dependencies = (
			);
			name = Test111;
			productName = Test111;
			productReference = A733E994296862D100FD9236 /* Test111.app */;
			productType = "com.apple.product-type.application";
		};
		A733E9A9296862D500FD9236 /* Test111Tests */ = {
			isa = PBXNativeTarget;
			buildConfigurationList = A733E9C1296862D500FD9236 /* Build configuration list for PBXNativeTarget "Test111Tests" */;
			buildPhases = (
				A733E9A6296862D500FD9236 /* Sources */,
				A733E9A7296862D500FD9236 /* Frameworks */,
				A733E9A8296862D500FD9236 /* Resources */,
			);
			buildRules = (
			);
			dependencies = (
				A733E9AC296862D500FD9236 /* PBXTargetDependency */,
			);
			name = Test111Tests;
			productName = Test111Tests;
			productReference = A733E9AA296862D500FD9236 /* Test111Tests.xctest */;
			productType = "com.apple.product-type.bundle.unit-test";
		};
		A733E9B3296862D500FD9236 /* Test111UITests */ = {
			isa = PBXNativeTarget;
			buildConfigurationList = A733E9C4296862D500FD9236 /* Build configuration list for PBXNativeTarget "Test111UITests" */;
			buildPhases = (
				A733E9B0296862D500FD9236 /* Sources */,
				A733E9B1296862D500FD9236 /* Frameworks */,
				A733E9B2296862D500FD9236 /* Resources */,
			);
			buildRules = (
			);
			dependencies = (
				A733E9B6296862D500FD9236 /* PBXTargetDependency */,
			);
			name = Test111UITests;
			productName = Test111UITests;
			productReference = A733E9B4296862D500FD9236 /* Test111UITests.xctest */;
			productType = "com.apple.product-type.bundle.ui-testing";
		};
/* End PBXNativeTarget section */

/* Begin PBXProject section */
		A733E98C296862D100FD9236 /* Project object */ = {
			isa = PBXProject;
			attributes = {
				BuildIndependentTargetsInParallel = 1;
				LastSwiftUpdateCheck = 1410;
				LastUpgradeCheck = 1410;
				TargetAttributes = {
					A733E993296862D100FD9236 = {
						CreatedOnToolsVersion = 14.1;
					};
					A733E9A9296862D500FD9236 = {
						CreatedOnToolsVersion = 14.1;
						TestTargetID = A733E993296862D100FD9236;
					};
					A733E9B3296862D500FD9236 = {
						CreatedOnToolsVersion = 14.1;
						TestTargetID = A733E993296862D100FD9236;
					};
				};
			};
			buildConfigurationList = A733E98F296862D100FD9236 /* Build configuration list for PBXProject "Test111" */;
			compatibilityVersion = "Xcode 14.0";
			developmentRegion = en;
			hasScannedForEncodings = 0;
			knownRegions = (
				en,
				Base,
			);
			mainGroup = A733E98B296862D100FD9236;
			productRefGroup = A733E995296862D100FD9236 /* Products */;
			projectDirPath = "";
			projectRoot = "";
			targets = (
				A733E993296862D100FD9236 /* Test111 */,
				A733E9A9296862D500FD9236 /* Test111Tests */,
				A733E9B3296862D500FD9236 /* Test111UITests */,
			);
		};
/* End PBXProject section */

/* Begin PBXResourcesBuildPhase section */
		A733E992296862D100FD9236 /* Resources */ = {
			isa = PBXResourcesBuildPhase;
			buildActionMask = 2147483647;
			files = (
				A728A47E2976583800F08CB2 /* SF-Pro-Display-Light.otf in Resources */,
				A733E9A4296862D500FD9236 /* LaunchScreen.storyboard in Resources */,
				A733E9A1296862D500FD9236 /* Assets.xcassets in Resources */,
				A728A4852976583800F08CB2 /* SF-Pro-Display-Semibold.otf in Resources */,
				A728A4872976583800F08CB2 /* SF-Pro-Display-Regular.otf in Resources */,
				A728A4772976583800F08CB2 /* SF-Pro-Display-BlackItalic.otf in Resources */,
				A728A4832976583800F08CB2 /* SF-Pro-Display-HeavyItalic.otf in Resources */,
				A728A4862976583800F08CB2 /* SF-Pro-Display-Medium.otf in Resources */,
				A728A4792976583800F08CB2 /* SF-Pro-Display-Ultralight.otf in Resources */,
				A728A4782976583800F08CB2 /* SF-Pro-Display-Black.otf in Resources */,
				A728A4802976583800F08CB2 /* SF-Pro-Display-Bold.otf in Resources */,
				A728A452296EE14C00F08CB2 /* NewYorkItalic.ttf in Resources */,
				A728A47D2976583800F08CB2 /* SF-Pro-Display-Thin.otf in Resources */,
				A728A47F2976583800F08CB2 /* SF-Pro-Display-RegularItalic.otf in Resources */,
				A728A47C2976583800F08CB2 /* SF-Pro-Display-BoldItalic.otf in Resources */,
				A728A451296EE14C00F08CB2 /* NewYork.ttf in Resources */,
				A728A47B2976583800F08CB2 /* SF-Pro-Display-UltralightItalic.otf in Resources */,
				A733E99F296862D100FD9236 /* Main.storyboard in Resources */,
				A728A4822976583800F08CB2 /* SF-Pro-Display-SemiboldItalic.otf in Resources */,
				A728A4842976583800F08CB2 /* SF-Pro-Display-MediumItalic.otf in Resources */,
				A728A47A2976583800F08CB2 /* SF-Pro-Display-ThinItalic.otf in Resources */,
				A728A4812976583800F08CB2 /* SF-Pro-Display-LightItalic.otf in Resources */,
				A728A4762976583800F08CB2 /* SF-Pro-Display-Heavy.otf in Resources */,
			);
			runOnlyForDeploymentPostprocessing = 0;
		};
		A733E9A8296862D500FD9236 /* Resources */ = {
			isa = PBXResourcesBuildPhase;
			buildActionMask = 2147483647;
			files = (
			);
			runOnlyForDeploymentPostprocessing = 0;
		};
		A733E9B2296862D500FD9236 /* Resources */ = {
			isa = PBXResourcesBuildPhase;
			buildActionMask = 2147483647;
			files = (
			);
			runOnlyForDeploymentPostprocessing = 0;
		};
/* End PBXResourcesBuildPhase section */

/* Begin PBXSourcesBuildPhase section */
		A733E990296862D100FD9236 /* Sources */ = {
			isa = PBXSourcesBuildPhase;
			buildActionMask = 2147483647;
			files = (
				A733E99C296862D100FD9236 /* ViewController.swift in Sources */,
				A733E998296862D100FD9236 /* AppDelegate.swift in Sources */,
				A733E99A296862D100FD9236 /* SceneDelegate.swift in Sources */,
			);
			runOnlyForDeploymentPostprocessing = 0;
		};
		A733E9A6296862D500FD9236 /* Sources */ = {
			isa = PBXSourcesBuildPhase;
			buildActionMask = 2147483647;
			files = (
				A733E9AF296862D500FD9236 /* Test111Tests.swift in Sources */,
			);
			runOnlyForDeploymentPostprocessing = 0;
		};
		A733E9B0296862D500FD9236 /* Sources */ = {
			isa = PBXSourcesBuildPhase;
			buildActionMask = 2147483647;
			files = (
				A733E9BB296862D500FD9236 /* Test111UITestsLaunchTests.swift in Sources */,
				A733E9B9296862D500FD9236 /* Test111UITests.swift in Sources */,
			);
			runOnlyForDeploymentPostprocessing = 0;
		};
/* End PBXSourcesBuildPhase section */

/* Begin PBXTargetDependency section */
		A733E9AC296862D500FD9236 /* PBXTargetDependency */ = {
			isa = PBXTargetDependency;
			target = A733E993296862D100FD9236 /* Test111 */;
			targetProxy = A733E9AB296862D500FD9236 /* PBXContainerItemProxy */;
		};
		A733E9B6296862D500FD9236 /* PBXTargetDependency */ = {
			isa = PBXTargetDependency;
			target = A733E993296862D100FD9236 /* Test111 */;
			targetProxy = A733E9B5296862D500FD9236 /* PBXContainerItemProxy */;
		};
/* End PBXTargetDependency section */

/* Begin PBXVariantGroup section */
		A733E99D296862D100FD9236 /* Main.storyboard */ = {
			isa = PBXVariantGroup;
			children = (
				A733E99E296862D100FD9236 /* Base */,
			);
			name = Main.storyboard;
			sourceTree = "<group>";
		};
		A733E9A2296862D500FD9236 /* LaunchScreen.storyboard */ = {
			isa = PBXVariantGroup;
			children = (
				A733E9A3296862D500FD9236 /* Base */,
			);
			name = LaunchScreen.storyboard;
			sourceTree = "<group>";
		};
/* End PBXVariantGroup section */

/* Begin XCBuildConfiguration section */
		A733E9BC296862D500FD9236 /* Debug */ = {
			isa = XCBuildConfiguration;
			buildSettings = {
				ALWAYS_SEARCH_USER_PATHS = NO;
				CLANG_ANALYZER_NONNULL = YES;
				CLANG_ANALYZER_NUMBER_OBJECT_CONVERSION = YES_AGGRESSIVE;
				CLANG_CXX_LANGUAGE_STANDARD = "gnu++20";
				CLANG_ENABLE_MODULES = YES;
				CLANG_ENABLE_OBJC_ARC = YES;
				CLANG_ENABLE_OBJC_WEAK = YES;
				CLANG_WARN_BLOCK_CAPTURE_AUTORELEASING = YES;
				CLANG_WARN_BOOL_CONVERSION = YES;
				CLANG_WARN_COMMA = YES;
				CLANG_WARN_CONSTANT_CONVERSION = YES;
				CLANG_WARN_DEPRECATED_OBJC_IMPLEMENTATIONS = YES;
				CLANG_WARN_DIRECT_OBJC_ISA_USAGE = YES_ERROR;
				CLANG_WARN_DOCUMENTATION_COMMENTS = YES;
				CLANG_WARN_EMPTY_BODY = YES;
				CLANG_WARN_ENUM_CONVERSION = YES;
				CLANG_WARN_INFINITE_RECURSION = YES;
				CLANG_WARN_INT_CONVERSION = YES;
				CLANG_WARN_NON_LITERAL_NULL_CONVERSION = YES;
				CLANG_WARN_OBJC_IMPLICIT_RETAIN_SELF = YES;
				CLANG_WARN_OBJC_LITERAL_CONVERSION = YES;
				CLANG_WARN_OBJC_ROOT_CLASS = YES_ERROR;
				CLANG_WARN_QUOTED_INCLUDE_IN_FRAMEWORK_HEADER = YES;
				CLANG_WARN_RANGE_LOOP_ANALYSIS = YES;
				CLANG_WARN_STRICT_PROTOTYPES = YES;
				CLANG_WARN_SUSPICIOUS_MOVE = YES;
				CLANG_WARN_UNGUARDED_AVAILABILITY = YES_AGGRESSIVE;
				CLANG_WARN_UNREACHABLE_CODE = YES;
				CLANG_WARN__DUPLICATE_METHOD_MATCH = YES;
				COPY_PHASE_STRIP = NO;
				DEBUG_INFORMATION_FORMAT = dwarf;
				ENABLE_STRICT_OBJC_MSGSEND = YES;
				ENABLE_TESTABILITY = YES;
				GCC_C_LANGUAGE_STANDARD = gnu11;
				GCC_DYNAMIC_NO_PIC = NO;
				GCC_NO_COMMON_BLOCKS = YES;
				GCC_OPTIMIZATION_LEVEL = 0;
				GCC_PREPROCESSOR_DEFINITIONS = (
					"DEBUG=1",
					"$(inherited)",
				);
				GCC_WARN_64_TO_32_BIT_CONVERSION = YES;
				GCC_WARN_ABOUT_RETURN_TYPE = YES_ERROR;
				GCC_WARN_UNDECLARED_SELECTOR = YES;
				GCC_WARN_UNINITIALIZED_AUTOS = YES_AGGRESSIVE;
				GCC_WARN_UNUSED_FUNCTION = YES;
				GCC_WARN_UNUSED_VARIABLE = YES;
				IPHONEOS_DEPLOYMENT_TARGET = 16.1;
				MTL_ENABLE_DEBUG_INFO = INCLUDE_SOURCE;
				MTL_FAST_MATH = YES;
				ONLY_ACTIVE_ARCH = YES;
				SDKROOT = iphoneos;
				SWIFT_ACTIVE_COMPILATION_CONDITIONS = DEBUG;
				SWIFT_OPTIMIZATION_LEVEL = "-Onone";
			};
			name = Debug;
		};
		A733E9BD296862D500FD9236 /* Release */ = {
			isa = XCBuildConfiguration;
			buildSettings = {
				ALWAYS_SEARCH_USER_PATHS = NO;
				CLANG_ANALYZER_NONNULL = YES;
				CLANG_ANALYZER_NUMBER_OBJECT_CONVERSION = YES_AGGRESSIVE;
				CLANG_CXX_LANGUAGE_STANDARD = "gnu++20";
				CLANG_ENABLE_MODULES = YES;
				CLANG_ENABLE_OBJC_ARC = YES;
				CLANG_ENABLE_OBJC_WEAK = YES;
				CLANG_WARN_BLOCK_CAPTURE_AUTORELEASING = YES;
				CLANG_WARN_BOOL_CONVERSION = YES;
				CLANG_WARN_COMMA = YES;
				CLANG_WARN_CONSTANT_CONVERSION = YES;
				CLANG_WARN_DEPRECATED_OBJC_IMPLEMENTATIONS = YES;
				CLANG_WARN_DIRECT_OBJC_ISA_USAGE = YES_ERROR;
				CLANG_WARN_DOCUMENTATION_COMMENTS = YES;
				CLANG_WARN_EMPTY_BODY = YES;
				CLANG_WARN_ENUM_CONVERSION = YES;
				CLANG_WARN_INFINITE_RECURSION = YES;
				CLANG_WARN_INT_CONVERSION = YES;
				CLANG_WARN_NON_LITERAL_NULL_CONVERSION = YES;
				CLANG_WARN_OBJC_IMPLICIT_RETAIN_SELF = YES;
				CLANG_WARN_OBJC_LITERAL_CONVERSION = YES;
				CLANG_WARN_OBJC_ROOT_CLASS = YES_ERROR;
				CLANG_WARN_QUOTED_INCLUDE_IN_FRAMEWORK_HEADER = YES;
				CLANG_WARN_RANGE_LOOP_ANALYSIS = YES;
				CLANG_WARN_STRICT_PROTOTYPES = YES;
				CLANG_WARN_SUSPICIOUS_MOVE = YES;
				CLANG_WARN_UNGUARDED_AVAILABILITY = YES_AGGRESSIVE;
				CLANG_WARN_UNREACHABLE_CODE = YES;
				CLANG_WARN__DUPLICATE_METHOD_MATCH = YES;
				COPY_PHASE_STRIP = NO;
				DEBUG_INFORMATION_FORMAT = "dwarf-with-dsym";
				ENABLE_NS_ASSERTIONS = NO;
				ENABLE_STRICT_OBJC_MSGSEND = YES;
				GCC_C_LANGUAGE_STANDARD = gnu11;
				GCC_NO_COMMON_BLOCKS = YES;
				GCC_WARN_64_TO_32_BIT_CONVERSION = YES;
				GCC_WARN_ABOUT_RETURN_TYPE = YES_ERROR;
				GCC_WARN_UNDECLARED_SELECTOR = YES;
				GCC_WARN_UNINITIALIZED_AUTOS = YES_AGGRESSIVE;
				GCC_WARN_UNUSED_FUNCTION = YES;
				GCC_WARN_UNUSED_VARIABLE = YES;
				IPHONEOS_DEPLOYMENT_TARGET = 16.1;
				MTL_ENABLE_DEBUG_INFO = NO;
				MTL_FAST_MATH = YES;
				SDKROOT = iphoneos;
				SWIFT_COMPILATION_MODE = wholemodule;
				SWIFT_OPTIMIZATION_LEVEL = "-O";
				VALIDATE_PRODUCT = YES;
			};
			name = Release;
		};
		A733E9BF296862D500FD9236 /* Debug */ = {
			isa = XCBuildConfiguration;
			buildSettings = {
				ASSETCATALOG_COMPILER_APPICON_NAME = AppIcon;
				ASSETCATALOG_COMPILER_GLOBAL_ACCENT_COLOR_NAME = AccentColor;
				CODE_SIGN_IDENTITY = "iPhone Distribution";
				"CODE_SIGN_IDENTITY[sdk=iphoneos*]" = "iPhone Distribution";
				CODE_SIGN_STYLE = Manual;
				CURRENT_PROJECT_VERSION = 1;
				DEVELOPMENT_TEAM = "";
				"DEVELOPMENT_TEAM[sdk=iphoneos*]" = 363387588U;
				GENERATE_INFOPLIST_FILE = YES;
				INFOPLIST_FILE = Test111/Info.plist;
				INFOPLIST_KEY_UIApplicationSupportsIndirectInputEvents = YES;
				INFOPLIST_KEY_UILaunchStoryboardName = LaunchScreen;
				INFOPLIST_KEY_UIMainStoryboardFile = Main;
				INFOPLIST_KEY_UISupportedInterfaceOrientations_iPad = "UIInterfaceOrientationPortrait UIInterfaceOrientationPortraitUpsideDown UIInterfaceOrientationLandscapeLeft UIInterfaceOrientationLandscapeRight";
				INFOPLIST_KEY_UISupportedInterfaceOrientations_iPhone = "UIInterfaceOrientationPortrait UIInterfaceOrientationLandscapeLeft UIInterfaceOrientationLandscapeRight";
				LD_RUNPATH_SEARCH_PATHS = (
					"$(inherited)",
					"@executable_path/Frameworks",
				);
				MARKETING_VERSION = 1.0;
				PRODUCT_BUNDLE_IDENTIFIER = com.ibm.mobilefirst.Ahold;
				PRODUCT_NAME = "$(TARGET_NAME)";
				PROVISIONING_PROFILE_SPECIFIER = "";
				"PROVISIONING_PROFILE_SPECIFIER[sdk=iphoneos*]" = "AUSA DeliVision InHouse";
				SWIFT_EMIT_LOC_STRINGS = YES;
				SWIFT_VERSION = 5.0;
				TARGETED_DEVICE_FAMILY = "1,2";
			};
			name = Debug;
		};
		A733E9C0296862D500FD9236 /* Release */ = {
			isa = XCBuildConfiguration;
			buildSettings = {
				ASSETCATALOG_COMPILER_APPICON_NAME = AppIcon;
				ASSETCATALOG_COMPILER_GLOBAL_ACCENT_COLOR_NAME = AccentColor;
				CODE_SIGN_IDENTITY = "iPhone Distribution";
				"CODE_SIGN_IDENTITY[sdk=iphoneos*]" = "iPhone Distribution";
				CODE_SIGN_STYLE = Manual;
				CURRENT_PROJECT_VERSION = 1;
				DEVELOPMENT_TEAM = "";
				"DEVELOPMENT_TEAM[sdk=iphoneos*]" = 363387588U;
				GENERATE_INFOPLIST_FILE = YES;
				INFOPLIST_FILE = Test111/Info.plist;
				INFOPLIST_KEY_UIApplicationSupportsIndirectInputEvents = YES;
				INFOPLIST_KEY_UILaunchStoryboardName = LaunchScreen;
				INFOPLIST_KEY_UIMainStoryboardFile = Main;
				INFOPLIST_KEY_UISupportedInterfaceOrientations_iPad = "UIInterfaceOrientationPortrait UIInterfaceOrientationPortraitUpsideDown UIInterfaceOrientationLandscapeLeft UIInterfaceOrientationLandscapeRight";
				INFOPLIST_KEY_UISupportedInterfaceOrientations_iPhone = "UIInterfaceOrientationPortrait UIInterfaceOrientationLandscapeLeft UIInterfaceOrientationLandscapeRight";
				LD_RUNPATH_SEARCH_PATHS = (
					"$(inherited)",
					"@executable_path/Frameworks",
				);
				MARKETING_VERSION = 1.0;
				PRODUCT_BUNDLE_IDENTIFIER = com.ibm.mobilefirst.Ahold;
				PRODUCT_NAME = "$(TARGET_NAME)";
				PROVISIONING_PROFILE_SPECIFIER = "";
				"PROVISIONING_PROFILE_SPECIFIER[sdk=iphoneos*]" = "AUSA DeliVision InHouse";
				SWIFT_EMIT_LOC_STRINGS = YES;
				SWIFT_VERSION = 5.0;
				TARGETED_DEVICE_FAMILY = "1,2";
			};
			name = Release;
		};
		A733E9C2296862D500FD9236 /* Debug */ = {
			isa = XCBuildConfiguration;
			buildSettings = {
				ALWAYS_EMBED_SWIFT_STANDARD_LIBRARIES = YES;
				BUNDLE_LOADER = "$(TEST_HOST)";
				CODE_SIGN_STYLE = Automatic;
				CURRENT_PROJECT_VERSION = 1;
				DEVELOPMENT_TEAM = B4D8TW8SG9;
				GENERATE_INFOPLIST_FILE = YES;
				IPHONEOS_DEPLOYMENT_TARGET = 16.1;
				MARKETING_VERSION = 1.0;
				PRODUCT_BUNDLE_IDENTIFIER = sushil.Test111Tests;
				PRODUCT_NAME = "$(TARGET_NAME)";
				SWIFT_EMIT_LOC_STRINGS = NO;
				SWIFT_VERSION = 5.0;
				TARGETED_DEVICE_FAMILY = "1,2";
				TEST_HOST = "$(BUILT_PRODUCTS_DIR)/Test111.app/$(BUNDLE_EXECUTABLE_FOLDER_PATH)/Test111";
			};
			name = Debug;
		};
		A733E9C3296862D500FD9236 /* Release */ = {
			isa = XCBuildConfiguration;
			buildSettings = {
				ALWAYS_EMBED_SWIFT_STANDARD_LIBRARIES = YES;
				BUNDLE_LOADER = "$(TEST_HOST)";
				CODE_SIGN_STYLE = Automatic;
				CURRENT_PROJECT_VERSION = 1;
				DEVELOPMENT_TEAM = B4D8TW8SG9;
				GENERATE_INFOPLIST_FILE = YES;
				IPHONEOS_DEPLOYMENT_TARGET = 16.1;
				MARKETING_VERSION = 1.0;
				PRODUCT_BUNDLE_IDENTIFIER = sushil.Test111Tests;
				PRODUCT_NAME = "$(TARGET_NAME)";
				SWIFT_EMIT_LOC_STRINGS = NO;
				SWIFT_VERSION = 5.0;
				TARGETED_DEVICE_FAMILY = "1,2";
				TEST_HOST = "$(BUILT_PRODUCTS_DIR)/Test111.app/$(BUNDLE_EXECUTABLE_FOLDER_PATH)/Test111";
			};
			name = Release;
		};
		A733E9C5296862D500FD9236 /* Debug */ = {
			isa = XCBuildConfiguration;
			buildSettings = {
				ALWAYS_EMBED_SWIFT_STANDARD_LIBRARIES = YES;
				CODE_SIGN_STYLE = Automatic;
				CURRENT_PROJECT_VERSION = 1;
				DEVELOPMENT_TEAM = B4D8TW8SG9;
				GENERATE_INFOPLIST_FILE = YES;
				MARKETING_VERSION = 1.0;
				PRODUCT_BUNDLE_IDENTIFIER = sushil.Test111UITests;
				PRODUCT_NAME = "$(TARGET_NAME)";
				SWIFT_EMIT_LOC_STRINGS = NO;
				SWIFT_VERSION = 5.0;
				TARGETED_DEVICE_FAMILY = "1,2";
				TEST_TARGET_NAME = Test111;
			};
			name = Debug;
		};
		A733E9C6296862D500FD9236 /* Release */ = {
			isa = XCBuildConfiguration;
			buildSettings = {
				ALWAYS_EMBED_SWIFT_STANDARD_LIBRARIES = YES;
				CODE_SIGN_STYLE = Automatic;
				CURRENT_PROJECT_VERSION = 1;
				DEVELOPMENT_TEAM = B4D8TW8SG9;
				GENERATE_INFOPLIST_FILE = YES;
				MARKETING_VERSION = 1.0;
				PRODUCT_BUNDLE_IDENTIFIER = sushil.Test111UITests;
				PRODUCT_NAME = "$(TARGET_NAME)";
				SWIFT_EMIT_LOC_STRINGS = NO;
				SWIFT_VERSION = 5.0;
				TARGETED_DEVICE_FAMILY = "1,2";
				TEST_TARGET_NAME = Test111;
			};
			name = Release;
		};
/* End XCBuildConfiguration section */

/* Begin XCConfigurationList section */
		A733E98F296862D100FD9236 /* Build configuration list for PBXProject "Test111" */ = {
			isa = XCConfigurationList;
			buildConfigurations = (
				A733E9BC296862D500FD9236 /* Debug */,
				A733E9BD296862D500FD9236 /* Release */,
			);
			defaultConfigurationIsVisible = 0;
			defaultConfigurationName = Release;
		};
		A733E9BE296862D500FD9236 /* Build configuration list for PBXNativeTarget "Test111" */ = {
			isa = XCConfigurationList;
			buildConfigurations = (
				A733E9BF296862D500FD9236 /* Debug */,
				A733E9C0296862D500FD9236 /* Release */,
			);
			defaultConfigurationIsVisible = 0;
			defaultConfigurationName = Release;
		};
		A733E9C1296862D500FD9236 /* Build configuration list for PBXNativeTarget "Test111Tests" */ = {
			isa = XCConfigurationList;
			buildConfigurations = (
				A733E9C2296862D500FD9236 /* Debug */,
				A733E9C3296862D500FD9236 /* Release */,
			);
			defaultConfigurationIsVisible = 0;
			defaultConfigurationName = Release;
		};
		A733E9C4296862D500FD9236 /* Build configuration list for PBXNativeTarget "Test111UITests" */ = {
			isa = XCConfigurationList;
			buildConfigurations = (
				A733E9C5296862D500FD9236 /* Debug */,
				A733E9C6296862D500FD9236 /* Release */,
			);
			defaultConfigurationIsVisible = 0;
			defaultConfigurationName = Release;
		};
/* End XCConfigurationList section */
	};
	rootObject = A733E98C296862D100FD9236 /* Project object */;
}
